
Microsoft Visual Studio Solution File, Format Version 12.00
# Visual Studio 2013
VisualStudioVersion = 12.0.31101.0
MinimumVisualStudioVersion = 10.0.40219.1
Project("{262852C6-CD72-467D-83FE-5EEB1973A190}") = "NavisGpsTracker", "NavisGpsTracker\NavisGpsTracker.jsproj", "{E73F7982-EB64-4298-B51D-D5A9AE3581C2}"
EndProject
Project("{FAE04EC0-301F-11D3-BF4B-00C04F79EFBC}") = "NavisGpsTracker.InBrowser", "NavisGpsTracker\NavisGpsTracker.InBrowser.csproj", "{8A194782-2A0E-4385-910A-DE38DC4A6836}"
EndProject
Global
	GlobalSection(SolutionConfigurationPlatforms) = preSolution
		Debug|Android = Debug|Android
		Debug|Any CPU = Debug|Any CPU
		Debug|iOS = Debug|iOS
		Debug|Mixed Platforms = Debug|Mixed Platforms
		Debug|Windows Phone (Universal) = Debug|Windows Phone (Universal)
		Debug|Windows Phone 8 = Debug|Windows Phone 8
		Debug|Windows-AnyCPU = Debug|Windows-AnyCPU
		Debug|Windows-ARM = Debug|Windows-ARM
		Debug|Windows-x64 = Debug|Windows-x64
		Debug|Windows-x86 = Debug|Windows-x86
		Distribution|Android = Distribution|Android
		Distribution|Any CPU = Distribution|Any CPU
		Distribution|iOS = Distribution|iOS
		Distribution|Mixed Platforms = Distribution|Mixed Platforms
		Distribution|Windows Phone (Universal) = Distribution|Windows Phone (Universal)
		Distribution|Windows Phone 8 = Distribution|Windows Phone 8
		Distribution|Windows-AnyCPU = Distribution|Windows-AnyCPU
		Distribution|Windows-ARM = Distribution|Windows-ARM
		Distribution|Windows-x64 = Distribution|Windows-x64
		Distribution|Windows-x86 = Distribution|Windows-x86
		Release|Android = Release|Android
		Release|Any CPU = Release|Any CPU
		Release|iOS = Release|iOS
		Release|Mixed Platforms = Release|Mixed Platforms
		Release|Windows Phone (Universal) = Release|Windows Phone (Universal)
		Release|Windows Phone 8 = Release|Windows Phone 8
		Release|Windows-AnyCPU = Release|Windows-AnyCPU
		Release|Windows-ARM = Release|Windows-ARM
		Release|Windows-x64 = Release|Windows-x64
		Release|Windows-x86 = Release|Windows-x86
	EndGlobalSection
	GlobalSection(ProjectConfigurationPlatforms) = postSolution
		{E73F7982-EB64-4298-B51D-D5A9AE3581C2}.Debug|Android.ActiveCfg = Debug|Android
		{E73F7982-EB64-4298-B51D-D5A9AE3581C2}.Debug|Android.Build.0 = Debug|Android
		{E73F7982-EB64-4298-B51D-D5A9AE3581C2}.Debug|Android.Deploy.0 = Debug|Android
		{E73F7982-EB64-4298-B51D-D5A9AE3581C2}.Debug|Any CPU.ActiveCfg = Debug|Android
		{E73F7982-EB64-4298-B51D-D5A9AE3581C2}.Debug|iOS.ActiveCfg = Debug|iOS
		{E73F7982-EB64-4298-B51D-D5A9AE3581C2}.Debug|iOS.Build.0 = Debug|iOS
		{E73F7982-EB64-4298-B51D-D5A9AE3581C2}.Debug|iOS.Deploy.0 = Debug|iOS
		{E73F7982-EB64-4298-B51D-D5A9AE3581C2}.Debug|Mixed Platforms.ActiveCfg = Debug|Windows-x86
		{E73F7982-EB64-4298-B51D-D5A9AE3581C2}.Debug|Mixed Platforms.Build.0 = Debug|Windows-x86
		{E73F7982-EB64-4298-B51D-D5A9AE3581C2}.Debug|Mixed Platforms.Deploy.0 = Debug|Windows-x86
		{E73F7982-EB64-4298-B51D-D5A9AE3581C2}.Debug|Windows Phone (Universal).ActiveCfg = Debug|Windows Phone (Universal)
		{E73F7982-EB64-4298-B51D-D5A9AE3581C2}.Debug|Windows Phone (Universal).Build.0 = Debug|Windows Phone (Universal)
		{E73F7982-EB64-4298-B51D-D5A9AE3581C2}.Debug|Windows Phone (Universal).Deploy.0 = Debug|Windows Phone (Universal)
		{E73F7982-EB64-4298-B51D-D5A9AE3581C2}.Debug|Windows Phone 8.ActiveCfg = Debug|Windows Phone 8
		{E73F7982-EB64-4298-B51D-D5A9AE3581C2}.Debug|Windows Phone 8.Build.0 = Debug|Windows Phone 8
		{E73F7982-EB64-4298-B51D-D5A9AE3581C2}.Debug|Windows Phone 8.Deploy.0 = Debug|Windows Phone 8
		{E73F7982-EB64-4298-B51D-D5A9AE3581C2}.Debug|Windows-AnyCPU.ActiveCfg = Debug|Windows-AnyCPU
		{E73F7982-EB64-4298-B51D-D5A9AE3581C2}.Debug|Windows-AnyCPU.Build.0 = Debug|Windows-AnyCPU
		{E73F7982-EB64-4298-B51D-D5A9AE3581C2}.Debug|Windows-AnyCPU.Deploy.0 = Debug|Windows-AnyCPU
		{E73F7982-EB64-4298-B51D-D5A9AE3581C2}.Debug|Windows-ARM.ActiveCfg = Debug|Windows-ARM
		{E73F7982-EB64-4298-B51D-D5A9AE3581C2}.Debug|Windows-ARM.Build.0 = Debug|Windows-ARM
		{E73F7982-EB64-4298-B51D-D5A9AE3581C2}.Debug|Windows-ARM.Deploy.0 = Debug|Windows-ARM
		{E73F7982-EB64-4298-B51D-D5A9AE3581C2}.Debug|Windows-x64.ActiveCfg = Debug|Windows-x64
		{E73F7982-EB64-4298-B51D-D5A9AE3581C2}.Debug|Windows-x64.Build.0 = Debug|Windows-x64
		{E73F7982-EB64-4298-B51D-D5A9AE3581C2}.Debug|Windows-x64.Deploy.0 = Debug|Windows-x64
		{E73F7982-EB64-4298-B51D-D5A9AE3581C2}.Debug|Windows-x86.ActiveCfg = Debug|Windows-x86
		{E73F7982-EB64-4298-B51D-D5A9AE3581C2}.Debug|Windows-x86.Build.0 = Debug|Windows-x86
		{E73F7982-EB64-4298-B51D-D5A9AE3581C2}.Debug|Windows-x86.Deploy.0 = Debug|Windows-x86
		{E73F7982-EB64-4298-B51D-D5A9AE3581C2}.Distribution|Android.ActiveCfg = Distribution|Android
		{E73F7982-EB64-4298-B51D-D5A9AE3581C2}.Distribution|Android.Build.0 = Distribution|Android
		{E73F7982-EB64-4298-B51D-D5A9AE3581C2}.Distribution|Android.Deploy.0 = Distribution|Android
		{E73F7982-EB64-4298-B51D-D5A9AE3581C2}.Distribution|Any CPU.ActiveCfg = Distribution|Android
		{E73F7982-EB64-4298-B51D-D5A9AE3581C2}.Distribution|iOS.ActiveCfg = Distribution|iOS
		{E73F7982-EB64-4298-B51D-D5A9AE3581C2}.Distribution|iOS.Build.0 = Distribution|iOS
		{E73F7982-EB64-4298-B51D-D5A9AE3581C2}.Distribution|iOS.Deploy.0 = Distribution|iOS
		{E73F7982-EB64-4298-B51D-D5A9AE3581C2}.Distribution|Mixed Platforms.ActiveCfg = Distribution|Windows-x86
		{E73F7982-EB64-4298-B51D-D5A9AE3581C2}.Distribution|Mixed Platforms.Build.0 = Distribution|Windows-x86
		{E73F7982-EB64-4298-B51D-D5A9AE3581C2}.Distribution|Mixed Platforms.Deploy.0 = Distribution|Windows-x86
		{E73F7982-EB64-4298-B51D-D5A9AE3581C2}.Distribution|Windows Phone (Universal).ActiveCfg = Distribution|Windows Phone (Universal)
		{E73F7982-EB64-4298-B51D-D5A9AE3581C2}.Distribution|Windows Phone (Universal).Build.0 = Distribution|Windows Phone (Universal)
		{E73F7982-EB64-4298-B51D-D5A9AE3581C2}.Distribution|Windows Phone (Universal).Deploy.0 = Distribution|Windows Phone (Universal)
		{E73F7982-EB64-4298-B51D-D5A9AE3581C2}.Distribution|Windows Phone 8.ActiveCfg = Distribution|Windows Phone 8
		{E73F7982-EB64-4298-B51D-D5A9AE3581C2}.Distribution|Windows Phone 8.Build.0 = Distribution|Windows Phone 8
		{E73F7982-EB64-4298-B51D-D5A9AE3581C2}.Distribution|Windows Phone 8.Deploy.0 = Distribution|Windows Phone 8
		{E73F7982-EB64-4298-B51D-D5A9AE3581C2}.Distribution|Windows-AnyCPU.ActiveCfg = Distribution|Windows-AnyCPU
		{E73F7982-EB64-4298-B51D-D5A9AE3581C2}.Distribution|Windows-AnyCPU.Build.0 = Distribution|Windows-AnyCPU
		{E73F7982-EB64-4298-B51D-D5A9AE3581C2}.Distribution|Windows-AnyCPU.Deploy.0 = Distribution|Windows-AnyCPU
		{E73F7982-EB64-4298-B51D-D5A9AE3581C2}.Distribution|Windows-ARM.ActiveCfg = Distribution|Windows-ARM
		{E73F7982-EB64-4298-B51D-D5A9AE3581C2}.Distribution|Windows-ARM.Build.0 = Distribution|Windows-ARM
		{E73F7982-EB64-4298-B51D-D5A9AE3581C2}.Distribution|Windows-ARM.Deploy.0 = Distribution|Windows-ARM
		{E73F7982-EB64-4298-B51D-D5A9AE3581C2}.Distribution|Windows-x64.ActiveCfg = Distribution|Windows-x64
		{E73F7982-EB64-4298-B51D-D5A9AE3581C2}.Distribution|Windows-x64.Build.0 = Distribution|Windows-x64
		{E73F7982-EB64-4298-B51D-D5A9AE3581C2}.Distribution|Windows-x64.Deploy.0 = Distribution|Windows-x64
		{E73F7982-EB64-4298-B51D-D5A9AE3581C2}.Distribution|Windows-x86.ActiveCfg = Distribution|Windows-x86
		{E73F7982-EB64-4298-B51D-D5A9AE3581C2}.Distribution|Windows-x86.Build.0 = Distribution|Windows-x86
		{E73F7982-EB64-4298-B51D-D5A9AE3581C2}.Distribution|Windows-x86.Deploy.0 = Distribution|Windows-x86
		{E73F7982-EB64-4298-B51D-D5A9AE3581C2}.Release|Android.ActiveCfg = Release|Android
		{E73F7982-EB64-4298-B51D-D5A9AE3581C2}.Release|Android.Build.0 = Release|Android
		{E73F7982-EB64-4298-B51D-D5A9AE3581C2}.Release|Android.Deploy.0 = Release|Android
		{E73F7982-EB64-4298-B51D-D5A9AE3581C2}.Release|Any CPU.ActiveCfg = Release|Android
		{E73F7982-EB64-4298-B51D-D5A9AE3581C2}.Release|iOS.ActiveCfg = Release|iOS
		{E73F7982-EB64-4298-B51D-D5A9AE3581C2}.Release|iOS.Build.0 = Release|iOS
		{E73F7982-EB64-4298-B51D-D5A9AE3581C2}.Release|iOS.Deploy.0 = Release|iOS
		{E73F7982-EB64-4298-B51D-D5A9AE3581C2}.Release|Mixed Platforms.ActiveCfg = Release|Windows-x86
		{E73F7982-EB64-4298-B51D-D5A9AE3581C2}.Release|Mixed Platforms.Build.0 = Release|Windows-x86
		{E73F7982-EB64-4298-B51D-D5A9AE3581C2}.Release|Mixed Platforms.Deploy.0 = Release|Windows-x86
		{E73F7982-EB64-4298-B51D-D5A9AE3581C2}.Release|Windows Phone (Universal).ActiveCfg = Release|Windows Phone (Universal)
		{E73F7982-EB64-4298-B51D-D5A9AE3581C2}.Release|Windows Phone (Universal).Build.0 = Release|Windows Phone (Universal)
		{E73F7982-EB64-4298-B51D-D5A9AE3581C2}.Release|Windows Phone (Universal).Deploy.0 = Release|Windows Phone (Universal)
		{E73F7982-EB64-4298-B51D-D5A9AE3581C2}.Release|Windows Phone 8.ActiveCfg = Release|Windows Phone 8
		{E73F7982-EB64-4298-B51D-D5A9AE3581C2}.Release|Windows Phone 8.Build.0 = Release|Windows Phone 8
		{E73F7982-EB64-4298-B51D-D5A9AE3581C2}.Release|Windows Phone 8.Deploy.0 = Release|Windows Phone 8
		{E73F7982-EB64-4298-B51D-D5A9AE3581C2}.Release|Windows-AnyCPU.ActiveCfg = Release|Windows-AnyCPU
		{E73F7982-EB64-4298-B51D-D5A9AE3581C2}.Release|Windows-AnyCPU.Build.0 = Release|Windows-AnyCPU
		{E73F7982-EB64-4298-B51D-D5A9AE3581C2}.Release|Windows-AnyCPU.Deploy.0 = Release|Windows-AnyCPU
		{E73F7982-EB64-4298-B51D-D5A9AE3581C2}.Release|Windows-ARM.ActiveCfg = Release|Windows-ARM
		{E73F7982-EB64-4298-B51D-D5A9AE3581C2}.Release|Windows-ARM.Build.0 = Release|Windows-ARM
		{E73F7982-EB64-4298-B51D-D5A9AE3581C2}.Release|Windows-ARM.Deploy.0 = Release|Windows-ARM
		{E73F7982-EB64-4298-B51D-D5A9AE3581C2}.Release|Windows-x64.ActiveCfg = Release|Windows-x64
		{E73F7982-EB64-4298-B51D-D5A9AE3581C2}.Release|Windows-x64.Build.0 = Release|Windows-x64
		{E73F7982-EB64-4298-B51D-D5A9AE3581C2}.Release|Windows-x64.Deploy.0 = Release|Windows-x64
		{E73F7982-EB64-4298-B51D-D5A9AE3581C2}.Release|Windows-x86.ActiveCfg = Release|Windows-x86
		{E73F7982-EB64-4298-B51D-D5A9AE3581C2}.Release|Windows-x86.Build.0 = Release|Windows-x86
		{E73F7982-EB64-4298-B51D-D5A9AE3581C2}.Release|Windows-x86.Deploy.0 = Release|Windows-x86
		{8A194782-2A0E-4385-910A-DE38DC4A6836}.Debug|Android.ActiveCfg = Debug|Any CPU
		{8A194782-2A0E-4385-910A-DE38DC4A6836}.Debug|Any CPU.ActiveCfg = Debug|Any CPU
		{8A194782-2A0E-4385-910A-DE38DC4A6836}.Debug|Any CPU.Build.0 = Debug|Any CPU
		{8A194782-2A0E-4385-910A-DE38DC4A6836}.Debug|iOS.ActiveCfg = Debug|Any CPU
		{8A194782-2A0E-4385-910A-DE38DC4A6836}.Debug|Mixed Platforms.ActiveCfg = Debug|Any CPU
		{8A194782-2A0E-4385-910A-DE38DC4A6836}.Debug|Mixed Platforms.Build.0 = Debug|Any CPU
		{8A194782-2A0E-4385-910A-DE38DC4A6836}.Debug|Windows Phone (Universal).ActiveCfg = Debug|Any CPU
		{8A194782-2A0E-4385-910A-DE38DC4A6836}.Debug|Windows Phone 8.ActiveCfg = Debug|Any CPU
		{8A194782-2A0E-4385-910A-DE38DC4A6836}.Debug|Windows-AnyCPU.ActiveCfg = Debug|Any CPU
		{8A194782-2A0E-4385-910A-DE38DC4A6836}.Debug|Windows-ARM.ActiveCfg = Debug|Any CPU
		{8A194782-2A0E-4385-910A-DE38DC4A6836}.Debug|Windows-x64.ActiveCfg = Debug|Any CPU
		{8A194782-2A0E-4385-910A-DE38DC4A6836}.Debug|Windows-x86.ActiveCfg = Debug|Any CPU
		{8A194782-2A0E-4385-910A-DE38DC4A6836}.Distribution|Android.ActiveCfg = Debug|Any CPU
		{8A194782-2A0E-4385-910A-DE38DC4A6836}.Distribution|Any CPU.ActiveCfg = Debug|Any CPU
		{8A194782-2A0E-4385-910A-DE38DC4A6836}.Distribution|Any CPU.Build.0 = Debug|Any CPU
		{8A194782-2A0E-4385-910A-DE38DC4A6836}.Distribution|iOS.ActiveCfg = Debug|Any CPU
		{8A194782-2A0E-4385-910A-DE38DC4A6836}.Distribution|Mixed Platforms.ActiveCfg = Debug|Any CPU
		{8A194782-2A0E-4385-910A-DE38DC4A6836}.Distribution|Mixed Platforms.Build.0 = Debug|Any CPU
		{8A194782-2A0E-4385-910A-DE38DC4A6836}.Distribution|Windows Phone (Universal).ActiveCfg = Debug|Any CPU
		{8A194782-2A0E-4385-910A-DE38DC4A6836}.Distribution|Windows Phone 8.ActiveCfg = Debug|Any CPU
		{8A194782-2A0E-4385-910A-DE38DC4A6836}.Distribution|Windows-AnyCPU.ActiveCfg = Debug|Any CPU
		{8A194782-2A0E-4385-910A-DE38DC4A6836}.Distribution|Windows-ARM.ActiveCfg = Debug|Any CPU
		{8A194782-2A0E-4385-910A-DE38DC4A6836}.Distribution|Windows-x64.ActiveCfg = Debug|Any CPU
		{8A194782-2A0E-4385-910A-DE38DC4A6836}.Distribution|Windows-x86.ActiveCfg = Debug|Any CPU
		{8A194782-2A0E-4385-910A-DE38DC4A6836}.Release|Android.ActiveCfg = Release|Any CPU
		{8A194782-2A0E-4385-910A-DE38DC4A6836}.Release|Any CPU.ActiveCfg = Release|Any CPU
		{8A194782-2A0E-4385-910A-DE38DC4A6836}.Release|Any CPU.Build.0 = Release|Any CPU
		{8A194782-2A0E-4385-910A-DE38DC4A6836}.Release|iOS.ActiveCfg = Release|Any CPU
		{8A194782-2A0E-4385-910A-DE38DC4A6836}.Release|Mixed Platforms.ActiveCfg = Release|Any CPU
		{8A194782-2A0E-4385-910A-DE38DC4A6836}.Release|Mixed Platforms.Build.0 = Release|Any CPU
		{8A194782-2A0E-4385-910A-DE38DC4A6836}.Release|Windows Phone (Universal).ActiveCfg = Release|Any CPU
		{8A194782-2A0E-4385-910A-DE38DC4A6836}.Release|Windows Phone 8.ActiveCfg = Release|Any CPU
		{8A194782-2A0E-4385-910A-DE38DC4A6836}.Release|Windows-AnyCPU.ActiveCfg = Release|Any CPU
		{8A194782-2A0E-4385-910A-DE38DC4A6836}.Release|Windows-ARM.ActiveCfg = Release|Any CPU
		{8A194782-2A0E-4385-910A-DE38DC4A6836}.Release|Windows-x64.ActiveCfg = Release|Any CPU
		{8A194782-2A0E-4385-910A-DE38DC4A6836}.Release|Windows-x86.ActiveCfg = Release|Any CPU
	EndGlobalSection
	GlobalSection(SolutionProperties) = preSolution
		HideSolutionNode = FALSE
	EndGlobalSection
EndGlobal
